// !$*UTF8*$!
{
	archiveVersion = 1;
	classes = {
	};
	objectVersion = 56;
	objects = {

/* Begin PBXBuildFile section */
		5A86CB962A2BB4C40030CD0B /* nivelesVC.swift in Sources */ = {isa = PBXBuildFile; fileRef = 5A86CB952A2BB4C40030CD0B /* nivelesVC.swift */; };
		5AC7EB962A227B1500E6B43E /* performVC.swift in Sources */ = {isa = PBXBuildFile; fileRef = 5AC7EB942A227B1500E6B43E /* performVC.swift */; };
		5AC7EB972A227B1500E6B43E /* performVC.xib in Resources */ = {isa = PBXBuildFile; fileRef = 5AC7EB952A227B1500E6B43E /* performVC.xib */; };
		5AC7EB9A2A2286D200E6B43E /* gameVC.swift in Sources */ = {isa = PBXBuildFile; fileRef = 5AC7EB982A2286D200E6B43E /* gameVC.swift */; };
		5AC7EB9B2A2286D200E6B43E /* gameVC.xib in Resources */ = {isa = PBXBuildFile; fileRef = 5AC7EB992A2286D200E6B43E /* gameVC.xib */; };
		5AEA27432A193ACC0024E2ED /* AppDelegate.swift in Sources */ = {isa = PBXBuildFile; fileRef = 5AEA27422A193ACC0024E2ED /* AppDelegate.swift */; };
		5AEA27452A193ACC0024E2ED /* ViewController.swift in Sources */ = {isa = PBXBuildFile; fileRef = 5AEA27442A193ACC0024E2ED /* ViewController.swift */; };
		5AEA27472A193ACD0024E2ED /* Assets.xcassets in Resources */ = {isa = PBXBuildFile; fileRef = 5AEA27462A193ACD0024E2ED /* Assets.xcassets */; };
		5AEA274A2A193ACD0024E2ED /* Main.storyboard in Resources */ = {isa = PBXBuildFile; fileRef = 5AEA27482A193ACD0024E2ED /* Main.storyboard */; };
		5AEA27522A1948AA0024E2ED /* VCManejoEnteros.swift in Sources */ = {isa = PBXBuildFile; fileRef = 5AEA27512A1948AA0024E2ED /* VCManejoEnteros.swift */; };
/* End PBXBuildFile section */

/* Begin PBXFileReference section */
		5A86CB952A2BB4C40030CD0B /* nivelesVC.swift */ = {isa = PBXFileReference; lastKnownFileType = sourcecode.swift; path = nivelesVC.swift; sourceTree = SOURCE_ROOT; };
		5AC7EB942A227B1500E6B43E /* performVC.swift */ = {isa = PBXFileReference; lastKnownFileType = sourcecode.swift; path = performVC.swift; sourceTree = SOURCE_ROOT; };
		5AC7EB952A227B1500E6B43E /* performVC.xib */ = {isa = PBXFileReference; lastKnownFileType = file.xib; path = performVC.xib; sourceTree = SOURCE_ROOT; };
		5AC7EB982A2286D200E6B43E /* gameVC.swift */ = {isa = PBXFileReference; lastKnownFileType = sourcecode.swift; path = gameVC.swift; sourceTree = SOURCE_ROOT; };
		5AC7EB992A2286D200E6B43E /* gameVC.xib */ = {isa = PBXFileReference; lastKnownFileType = file.xib; path = gameVC.xib; sourceTree = SOURCE_ROOT; };
		5AEA273F2A193ACC0024E2ED /* introMTWDM.app */ = {isa = PBXFileReference; explicitFileType = wrapper.application; includeInIndex = 0; path = introMTWDM.app; sourceTree = BUILT_PRODUCTS_DIR; };
		5AEA27422A193ACC0024E2ED /* AppDelegate.swift */ = {isa = PBXFileReference; lastKnownFileType = sourcecode.swift; path = AppDelegate.swift; sourceTree = "<group>"; };
		5AEA27442A193ACC0024E2ED /* ViewController.swift */ = {isa = PBXFileReference; lastKnownFileType = sourcecode.swift; path = ViewController.swift; sourceTree = "<group>"; };
		5AEA27462A193ACD0024E2ED /* Assets.xcassets */ = {isa = PBXFileReference; lastKnownFileType = folder.assetcatalog; path = Assets.xcassets; sourceTree = "<group>"; };
		5AEA27492A193ACD0024E2ED /* Base */ = {isa = PBXFileReference; lastKnownFileType = file.storyboard; name = Base; path = Base.lproj/Main.storyboard; sourceTree = "<group>"; };
		5AEA274B2A193ACD0024E2ED /* introMTWDM.entitlements */ = {isa = PBXFileReference; lastKnownFileType = text.plist.entitlements; path = introMTWDM.entitlements; sourceTree = "<group>"; };
		5AEA27512A1948AA0024E2ED /* VCManejoEnteros.swift */ = {isa = PBXFileReference; lastKnownFileType = sourcecode.swift; name = VCManejoEnteros.swift; path = introMTWDM/VCManejoEnteros.swift; sourceTree = SOURCE_ROOT; };
/* End PBXFileReference section */

/* Begin PBXFrameworksBuildPhase section */
		5AEA273C2A193ACC0024E2ED /* Frameworks */ = {
			isa = PBXFrameworksBuildPhase;
			buildActionMask = 2147483647;
			files = (
			);
			runOnlyForDeploymentPostprocessing = 0;
		};
/* End PBXFrameworksBuildPhase section */

/* Begin PBXGroup section */
		5AEA27362A193ACC0024E2ED = {
			isa = PBXGroup;
			children = (
				5AEA27412A193ACC0024E2ED /* introMTWDM */,
				5AEA27402A193ACC0024E2ED /* Products */,
			);
			sourceTree = "<group>";
		};
		5AEA27402A193ACC0024E2ED /* Products */ = {
			isa = PBXGroup;
			children = (
				5AEA273F2A193ACC0024E2ED /* introMTWDM.app */,
			);
			name = Products;
			sourceTree = "<group>";
		};
		5AEA27412A193ACC0024E2ED /* introMTWDM */ = {
			isa = PBXGroup;
			children = (
				5A86CB952A2BB4C40030CD0B /* nivelesVC.swift */,
				5AC7EB982A2286D200E6B43E /* gameVC.swift */,
				5AC7EB992A2286D200E6B43E /* gameVC.xib */,
				5AC7EB942A227B1500E6B43E /* performVC.swift */,
				5AC7EB952A227B1500E6B43E /* performVC.xib */,
				5AEA27512A1948AA0024E2ED /* VCManejoEnteros.swift */,
				5AEA27422A193ACC0024E2ED /* AppDelegate.swift */,
				5AEA27442A193ACC0024E2ED /* ViewController.swift */,
				5AEA27462A193ACD0024E2ED /* Assets.xcassets */,
				5AEA27482A193ACD0024E2ED /* Main.storyboard */,
				5AEA274B2A193ACD0024E2ED /* introMTWDM.entitlements */,
			);
			path = introMTWDM;
			sourceTree = "<group>";
		};
/* End PBXGroup section */

/* Begin PBXNativeTarget section */
		5AEA273E2A193ACC0024E2ED /* introMTWDM */ = {
			isa = PBXNativeTarget;
			buildConfigurationList = 5AEA274E2A193ACD0024E2ED /* Build configuration list for PBXNativeTarget "introMTWDM" */;
			buildPhases = (
				5AEA273B2A193ACC0024E2ED /* Sources */,
				5AEA273C2A193ACC0024E2ED /* Frameworks */,
				5AEA273D2A193ACC0024E2ED /* Resources */,
			);
			buildRules = (
			);
			dependencies = (
			);
			name = introMTWDM;
			productName = introMTWDM;
			productReference = 5AEA273F2A193ACC0024E2ED /* introMTWDM.app */;
			productType = "com.apple.product-type.application";
		};
/* End PBXNativeTarget section */

/* Begin PBXProject section */
		5AEA27372A193ACC0024E2ED /* Project object */ = {
			isa = PBXProject;
			attributes = {
				BuildIndependentTargetsInParallel = 1;
				LastSwiftUpdateCheck = 1430;
				LastUpgradeCheck = 1430;
				TargetAttributes = {
					5AEA273E2A193ACC0024E2ED = {
						CreatedOnToolsVersion = 14.3;
					};
				};
			};
			buildConfigurationList = 5AEA273A2A193ACC0024E2ED /* Build configuration list for PBXProject "introMTWDM" */;
			compatibilityVersion = "Xcode 14.0";
			developmentRegion = en;
			hasScannedForEncodings = 0;
			knownRegions = (
				en,
				Base,
			);
			mainGroup = 5AEA27362A193ACC0024E2ED;
			productRefGroup = 5AEA27402A193ACC0024E2ED /* Products */;
			projectDirPath = "";
			projectRoot = "";
			targets = (
				5AEA273E2A193ACC0024E2ED /* introMTWDM */,
			);
		};
/* End PBXProject section */

/* Begin PBXResourcesBuildPhase section */
		5AEA273D2A193ACC0024E2ED /* Resources */ = {
			isa = PBXResourcesBuildPhase;
			buildActionMask = 2147483647;
			files = (
				5AEA27472A193ACD0024E2ED /* Assets.xcassets in Resources */,
				5AEA274A2A193ACD0024E2ED /* Main.storyboard in Resources */,
				5AC7EB9B2A2286D200E6B43E /* gameVC.xib in Resources */,
				5AC7EB972A227B1500E6B43E /* performVC.xib in Resources */,
			);
			runOnlyForDeploymentPostprocessing = 0;
		};
/* End PBXResourcesBuildPhase section */

/* Begin PBXSourcesBuildPhase section */
		5AEA273B2A193ACC0024E2ED /* Sources */ = {
			isa = PBXSourcesBuildPhase;
			buildActionMask = 2147483647;
			files = (
				5AEA27452A193ACC0024E2ED /* ViewController.swift in Sources */,
				5AEA27522A1948AA0024E2ED /* VCManejoEnteros.swift in Sources */,
				5AC7EB962A227B1500E6B43E /* performVC.swift in Sources */,
				5A86CB962A2BB4C40030CD0B /* nivelesVC.swift in Sources */,
				5AEA27432A193ACC0024E2ED /* AppDelegate.swift in Sources */,
				5AC7EB9A2A2286D200E6B43E /* gameVC.swift in Sources */,
			);
			runOnlyForDeploymentPostprocessing = 0;
		};
/* End PBXSourcesBuildPhase section */

/* Begin PBXVariantGroup section */
		5AEA27482A193ACD0024E2ED /* Main.storyboard */ = {
			isa = PBXVariantGroup;
			children = (
				5AEA27492A193ACD0024E2ED /* Base */,
			);
			name = Main.storyboard;
			sourceTree = "<group>";
		};
/* End PBXVariantGroup section */

/* Begin XCBuildConfiguration section */
		5AEA274C2A193ACD0024E2ED /* Debug */ = {
			isa = XCBuildConfiguration;
			buildSettings = {
				ALWAYS_SEARCH_USER_PATHS = NO;
				CLANG_ANALYZER_NONNULL = YES;
				CLANG_ANALYZER_NUMBER_OBJECT_CONVERSION = YES_AGGRESSIVE;
				CLANG_CXX_LANGUAGE_STANDARD = "gnu++20";
				CLANG_ENABLE_MODULES = YES;
				CLANG_ENABLE_OBJC_ARC = YES;
				CLANG_ENABLE_OBJC_WEAK = YES;
				CLANG_WARN_BLOCK_CAPTURE_AUTORELEASING = YES;
				CLANG_WARN_BOOL_CONVERSION = YES;
				CLANG_WARN_COMMA = YES;
				CLANG_WARN_CONSTANT_CONVERSION = YES;
				CLANG_WARN_DEPRECATED_OBJC_IMPLEMENTATIONS = YES;
				CLANG_WARN_DIRECT_OBJC_ISA_USAGE = YES_ERROR;
				CLANG_WARN_DOCUMENTATION_COMMENTS = YES;
				CLANG_WARN_EMPTY_BODY = YES;
				CLANG_WARN_ENUM_CONVERSION = YES;
				CLANG_WARN_INFINITE_RECURSION = YES;
				CLANG_WARN_INT_CONVERSION = YES;
				CLANG_WARN_NON_LITERAL_NULL_CONVERSION = YES;
				CLANG_WARN_OBJC_IMPLICIT_RETAIN_SELF = YES;
				CLANG_WARN_OBJC_LITERAL_CONVERSION = YES;
				CLANG_WARN_OBJC_ROOT_CLASS = YES_ERROR;
				CLANG_WARN_QUOTED_INCLUDE_IN_FRAMEWORK_HEADER = YES;
				CLANG_WARN_RANGE_LOOP_ANALYSIS = YES;
				CLANG_WARN_STRICT_PROTOTYPES = YES;
				CLANG_WARN_SUSPICIOUS_MOVE = YES;
				CLANG_WARN_UNGUARDED_AVAILABILITY = YES_AGGRESSIVE;
				CLANG_WARN_UNREACHABLE_CODE = YES;
				CLANG_WARN__DUPLICATE_METHOD_MATCH = YES;
				COPY_PHASE_STRIP = NO;
				DEBUG_INFORMATION_FORMAT = dwarf;
				ENABLE_STRICT_OBJC_MSGSEND = YES;
				ENABLE_TESTABILITY = YES;
				GCC_C_LANGUAGE_STANDARD = gnu11;
				GCC_DYNAMIC_NO_PIC = NO;
				GCC_NO_COMMON_BLOCKS = YES;
				GCC_OPTIMIZATION_LEVEL = 0;
				GCC_PREPROCESSOR_DEFINITIONS = (
					"DEBUG=1",
					"$(inherited)",
				);
				GCC_WARN_64_TO_32_BIT_CONVERSION = YES;
				GCC_WARN_ABOUT_RETURN_TYPE = YES_ERROR;
				GCC_WARN_UNDECLARED_SELECTOR = YES;
				GCC_WARN_UNINITIALIZED_AUTOS = YES_AGGRESSIVE;
				GCC_WARN_UNUSED_FUNCTION = YES;
				GCC_WARN_UNUSED_VARIABLE = YES;
				MACOSX_DEPLOYMENT_TARGET = 13.3;
				MTL_ENABLE_DEBUG_INFO = INCLUDE_SOURCE;
				MTL_FAST_MATH = YES;
				ONLY_ACTIVE_ARCH = YES;
				SDKROOT = macosx;
				SWIFT_ACTIVE_COMPILATION_CONDITIONS = DEBUG;
				SWIFT_OPTIMIZATION_LEVEL = "-Onone";
			};
			name = Debug;
		};
		5AEA274D2A193ACD0024E2ED /* Release */ = {
			isa = XCBuildConfiguration;
			buildSettings = {
				ALWAYS_SEARCH_USER_PATHS = NO;
				CLANG_ANALYZER_NONNULL = YES;
				CLANG_ANALYZER_NUMBER_OBJECT_CONVERSION = YES_AGGRESSIVE;
				CLANG_CXX_LANGUAGE_STANDARD = "gnu++20";
				CLANG_ENABLE_MODULES = YES;
				CLANG_ENABLE_OBJC_ARC = YES;
				CLANG_ENABLE_OBJC_WEAK = YES;
				CLANG_WARN_BLOCK_CAPTURE_AUTORELEASING = YES;
				CLANG_WARN_BOOL_CONVERSION = YES;
				CLANG_WARN_COMMA = YES;
				CLANG_WARN_CONSTANT_CONVERSION = YES;
				CLANG_WARN_DEPRECATED_OBJC_IMPLEMENTATIONS = YES;
				CLANG_WARN_DIRECT_OBJC_ISA_USAGE = YES_ERROR;
				CLANG_WARN_DOCUMENTATION_COMMENTS = YES;
				CLANG_WARN_EMPTY_BODY = YES;
				CLANG_WARN_ENUM_CONVERSION = YES;
				CLANG_WARN_INFINITE_RECURSION = YES;
				CLANG_WARN_INT_CONVERSION = YES;
				CLANG_WARN_NON_LITERAL_NULL_CONVERSION = YES;
				CLANG_WARN_OBJC_IMPLICIT_RETAIN_SELF = YES;
				CLANG_WARN_OBJC_LITERAL_CONVERSION = YES;
				CLANG_WARN_OBJC_ROOT_CLASS = YES_ERROR;
				CLANG_WARN_QUOTED_INCLUDE_IN_FRAMEWORK_HEADER = YES;
				CLANG_WARN_RANGE_LOOP_ANALYSIS = YES;
				CLANG_WARN_STRICT_PROTOTYPES = YES;
				CLANG_WARN_SUSPICIOUS_MOVE = YES;
				CLANG_WARN_UNGUARDED_AVAILABILITY = YES_AGGRESSIVE;
				CLANG_WARN_UNREACHABLE_CODE = YES;
				CLANG_WARN__DUPLICATE_METHOD_MATCH = YES;
				COPY_PHASE_STRIP = NO;
				DEBUG_INFORMATION_FORMAT = "dwarf-with-dsym";
				ENABLE_NS_ASSERTIONS = NO;
				ENABLE_STRICT_OBJC_MSGSEND = YES;
				GCC_C_LANGUAGE_STANDARD = gnu11;
				GCC_NO_COMMON_BLOCKS = YES;
				GCC_WARN_64_TO_32_BIT_CONVERSION = YES;
				GCC_WARN_ABOUT_RETURN_TYPE = YES_ERROR;
				GCC_WARN_UNDECLARED_SELECTOR = YES;
				GCC_WARN_UNINITIALIZED_AUTOS = YES_AGGRESSIVE;
				GCC_WARN_UNUSED_FUNCTION = YES;
				GCC_WARN_UNUSED_VARIABLE = YES;
				MACOSX_DEPLOYMENT_TARGET = 13.3;
				MTL_ENABLE_DEBUG_INFO = NO;
				MTL_FAST_MATH = YES;
				SDKROOT = macosx;
				SWIFT_COMPILATION_MODE = wholemodule;
				SWIFT_OPTIMIZATION_LEVEL = "-O";
			};
			name = Release;
		};
		5AEA274F2A193ACD0024E2ED /* Debug */ = {
			isa = XCBuildConfiguration;
			buildSettings = {
				ASSETCATALOG_COMPILER_APPICON_NAME = AppIcon;
				ASSETCATALOG_COMPILER_GLOBAL_ACCENT_COLOR_NAME = AccentColor;
				CODE_SIGN_ENTITLEMENTS = introMTWDM/introMTWDM.entitlements;
				CODE_SIGN_STYLE = Automatic;
				COMBINE_HIDPI_IMAGES = YES;
				CURRENT_PROJECT_VERSION = 1;
				GENERATE_INFOPLIST_FILE = YES;
				INFOPLIST_KEY_NSHumanReadableCopyright = "";
				INFOPLIST_KEY_NSMainStoryboardFile = Main;
				INFOPLIST_KEY_NSPrincipalClass = NSApplication;
				LD_RUNPATH_SEARCH_PATHS = (
					"$(inherited)",
					"@executable_path/../Frameworks",
				);
				MARKETING_VERSION = 1.0;
				PRODUCT_BUNDLE_IDENTIFIER = "org.miguel-gomez.introMTWDM";
				PRODUCT_NAME = "$(TARGET_NAME)";
				SWIFT_EMIT_LOC_STRINGS = YES;
				SWIFT_VERSION = 5.0;
			};
			name = Debug;
		};
		5AEA27502A193ACD0024E2ED /* Release */ = {
			isa = XCBuildConfiguration;
			buildSettings = {
				ASSETCATALOG_COMPILER_APPICON_NAME = AppIcon;
				ASSETCATALOG_COMPILER_GLOBAL_ACCENT_COLOR_NAME = AccentColor;
				CODE_SIGN_ENTITLEMENTS = introMTWDM/introMTWDM.entitlements;
				CODE_SIGN_STYLE = Automatic;
				COMBINE_HIDPI_IMAGES = YES;
				CURRENT_PROJECT_VERSION = 1;
				GENERATE_INFOPLIST_FILE = YES;
				INFOPLIST_KEY_NSHumanReadableCopyright = "";
				INFOPLIST_KEY_NSMainStoryboardFile = Main;
				INFOPLIST_KEY_NSPrincipalClass = NSApplication;
				LD_RUNPATH_SEARCH_PATHS = (
					"$(inherited)",
					"@executable_path/../Frameworks",
				);
				MARKETING_VERSION = 1.0;
				PRODUCT_BUNDLE_IDENTIFIER = "org.miguel-gomez.introMTWDM";
				PRODUCT_NAME = "$(TARGET_NAME)";
				SWIFT_EMIT_LOC_STRINGS = YES;
				SWIFT_VERSION = 5.0;
			};
			name = Release;
		};
/* End XCBuildConfiguration section */

/* Begin XCConfigurationList section */
		5AEA273A2A193ACC0024E2ED /* Build configuration list for PBXProject "introMTWDM" */ = {
			isa = XCConfigurationList;
			buildConfigurations = (
				5AEA274C2A193ACD0024E2ED /* Debug */,
				5AEA274D2A193ACD0024E2ED /* Release */,
			);
			defaultConfigurationIsVisible = 0;
			defaultConfigurationName = Release;
		};
		5AEA274E2A193ACD0024E2ED /* Build configuration list for PBXNativeTarget "introMTWDM" */ = {
			isa = XCConfigurationList;
			buildConfigurations = (
				5AEA274F2A193ACD0024E2ED /* Debug */,
				5AEA27502A193ACD0024E2ED /* Release */,
			);
			defaultConfigurationIsVisible = 0;
			defaultConfigurationName = Release;
		};
/* End XCConfigurationList section */
	};
	rootObject = 5AEA27372A193ACC0024E2ED /* Project object */;
}
